// !$*UTF8*$!
{
	archiveVersion = 1;
	classes = {
	};
	objectVersion = 56;
	objects = {

/* Begin PBXBuildFile section */
		BE2D78D32BAC8E480096BAF7 /* ActiveRoute.swift in Sources */ = {isa = PBXBuildFile; fileRef = BE2D78D22BAC8E480096BAF7 /* ActiveRoute.swift */; };
		BE2D78D42BAC91390096BAF7 /* Assets.xcassets in Resources */ = {isa = PBXBuildFile; fileRef = BEED56CE2BAB5E80009FA1A8 /* Assets.xcassets */; };
		BE2D78D62BACA4940096BAF7 /* RouteStop.swift in Sources */ = {isa = PBXBuildFile; fileRef = BE2D78D52BACA4940096BAF7 /* RouteStop.swift */; };
		BE2D78D82BACA52F0096BAF7 /* Coordinate.swift in Sources */ = {isa = PBXBuildFile; fileRef = BE2D78D72BACA52F0096BAF7 /* Coordinate.swift */; };
		BE7505252BACA7B40051C567 /* Route.swift in Sources */ = {isa = PBXBuildFile; fileRef = BEED56B12BAAAFD2009FA1A8 /* Route.swift */; };
		BE7505262BACA7B70051C567 /* RouteStop.swift in Sources */ = {isa = PBXBuildFile; fileRef = BE2D78D52BACA4940096BAF7 /* RouteStop.swift */; };
		BE7505272BACA7B90051C567 /* Coordinate.swift in Sources */ = {isa = PBXBuildFile; fileRef = BE2D78D72BACA52F0096BAF7 /* Coordinate.swift */; };
		BEE288CE2BAC8C76002714F1 /* ActiveRouteMapView.swift in Sources */ = {isa = PBXBuildFile; fileRef = BEE288CD2BAC8C76002714F1 /* ActiveRouteMapView.swift */; };
		BEED569E2BAAAE9F009FA1A8 /* CircuiTecApp.swift in Sources */ = {isa = PBXBuildFile; fileRef = BEED569D2BAAAE9F009FA1A8 /* CircuiTecApp.swift */; };
		BEED56A02BAAAE9F009FA1A8 /* ContentView.swift in Sources */ = {isa = PBXBuildFile; fileRef = BEED569F2BAAAE9F009FA1A8 /* ContentView.swift */; };
		BEED56A22BAAAE9F009FA1A8 /* Item.swift in Sources */ = {isa = PBXBuildFile; fileRef = BEED56A12BAAAE9F009FA1A8 /* Item.swift */; };
		BEED56A42BAAAEA0009FA1A8 /* Assets.xcassets in Resources */ = {isa = PBXBuildFile; fileRef = BEED56A32BAAAEA0009FA1A8 /* Assets.xcassets */; };
		BEED56A72BAAAEA0009FA1A8 /* Preview Assets.xcassets in Resources */ = {isa = PBXBuildFile; fileRef = BEED56A62BAAAEA0009FA1A8 /* Preview Assets.xcassets */; };
		BEED56AF2BAAAF9E009FA1A8 /* AllRoutesView.swift in Sources */ = {isa = PBXBuildFile; fileRef = BEED56AE2BAAAF9E009FA1A8 /* AllRoutesView.swift */; };
		BEED56B22BAAAFD2009FA1A8 /* Route.swift in Sources */ = {isa = PBXBuildFile; fileRef = BEED56B12BAAAFD2009FA1A8 /* Route.swift */; };
		BEED56B62BAB3E4B009FA1A8 /* RouteMapView.swift in Sources */ = {isa = PBXBuildFile; fileRef = BEED56B52BAB3E4B009FA1A8 /* RouteMapView.swift */; };
		BEED56B82BAB48E4009FA1A8 /* MainView.swift in Sources */ = {isa = PBXBuildFile; fileRef = BEED56B72BAB48E4009FA1A8 /* MainView.swift */; };
		BEED56BA2BAB5C63009FA1A8 /* RouteProgressView.swift in Sources */ = {isa = PBXBuildFile; fileRef = BEED56B92BAB5C63009FA1A8 /* RouteProgressView.swift */; };
		BEED56C22BAB5E7F009FA1A8 /* WidgetKit.framework in Frameworks */ = {isa = PBXBuildFile; fileRef = BEED56C12BAB5E7F009FA1A8 /* WidgetKit.framework */; };
		BEED56C42BAB5E7F009FA1A8 /* SwiftUI.framework in Frameworks */ = {isa = PBXBuildFile; fileRef = BEED56C32BAB5E7F009FA1A8 /* SwiftUI.framework */; };
		BEED56C72BAB5E7F009FA1A8 /* LiveRouteBundle.swift in Sources */ = {isa = PBXBuildFile; fileRef = BEED56C62BAB5E7F009FA1A8 /* LiveRouteBundle.swift */; };
		BEED56C92BAB5E7F009FA1A8 /* LiveRouteLiveActivity.swift in Sources */ = {isa = PBXBuildFile; fileRef = BEED56C82BAB5E7F009FA1A8 /* LiveRouteLiveActivity.swift */; };
		BEED56CB2BAB5E7F009FA1A8 /* LiveRoute.swift in Sources */ = {isa = PBXBuildFile; fileRef = BEED56CA2BAB5E7F009FA1A8 /* LiveRoute.swift */; };
		BEED56CD2BAB5E7F009FA1A8 /* AppIntent.swift in Sources */ = {isa = PBXBuildFile; fileRef = BEED56CC2BAB5E7F009FA1A8 /* AppIntent.swift */; };
		BEED56CF2BAB5E80009FA1A8 /* Assets.xcassets in Resources */ = {isa = PBXBuildFile; fileRef = BEED56CE2BAB5E80009FA1A8 /* Assets.xcassets */; };
		BEED56D32BAB5E80009FA1A8 /* LiveRouteExtension.appex in Embed Foundation Extensions */ = {isa = PBXBuildFile; fileRef = BEED56BF2BAB5E7F009FA1A8 /* LiveRouteExtension.appex */; settings = {ATTRIBUTES = (RemoveHeadersOnCopy, ); }; };
		BEED56D92BAB60A8009FA1A8 /* RouteProgressView.swift in Sources */ = {isa = PBXBuildFile; fileRef = BEED56B92BAB5C63009FA1A8 /* RouteProgressView.swift */; };
		FB9131C62BAC9420009719FD /* FirstView.swift in Sources */ = {isa = PBXBuildFile; fileRef = FB9131C52BAC9420009719FD /* FirstView.swift */; };
		FB9131C82BACEE81009719FD /* FavoriteView.swift in Sources */ = {isa = PBXBuildFile; fileRef = FB9131C72BACEE81009719FD /* FavoriteView.swift */; };
/* End PBXBuildFile section */

/* Begin PBXContainerItemProxy section */
		BEED56D12BAB5E80009FA1A8 /* PBXContainerItemProxy */ = {
			isa = PBXContainerItemProxy;
			containerPortal = BEED56922BAAAE9F009FA1A8 /* Project object */;
			proxyType = 1;
			remoteGlobalIDString = BEED56BE2BAB5E7F009FA1A8;
			remoteInfo = LiveRouteExtension;
		};
/* End PBXContainerItemProxy section */

/* Begin PBXCopyFilesBuildPhase section */
		BEED56D72BAB5E80009FA1A8 /* Embed Foundation Extensions */ = {
			isa = PBXCopyFilesBuildPhase;
			buildActionMask = 2147483647;
			dstPath = "";
			dstSubfolderSpec = 13;
			files = (
				BEED56D32BAB5E80009FA1A8 /* LiveRouteExtension.appex in Embed Foundation Extensions */,
			);
			name = "Embed Foundation Extensions";
			runOnlyForDeploymentPostprocessing = 0;
		};
/* End PBXCopyFilesBuildPhase section */

/* Begin PBXFileReference section */
		BE2D78D22BAC8E480096BAF7 /* ActiveRoute.swift */ = {isa = PBXFileReference; lastKnownFileType = sourcecode.swift; path = ActiveRoute.swift; sourceTree = "<group>"; };
		BE2D78D52BACA4940096BAF7 /* RouteStop.swift */ = {isa = PBXFileReference; lastKnownFileType = sourcecode.swift; path = RouteStop.swift; sourceTree = "<group>"; };
		BE2D78D72BACA52F0096BAF7 /* Coordinate.swift */ = {isa = PBXFileReference; lastKnownFileType = sourcecode.swift; path = Coordinate.swift; sourceTree = "<group>"; };
		BEE288CD2BAC8C76002714F1 /* ActiveRouteMapView.swift */ = {isa = PBXFileReference; lastKnownFileType = sourcecode.swift; path = ActiveRouteMapView.swift; sourceTree = "<group>"; };
		BEED569A2BAAAE9F009FA1A8 /* CircuiTec.app */ = {isa = PBXFileReference; explicitFileType = wrapper.application; includeInIndex = 0; path = CircuiTec.app; sourceTree = BUILT_PRODUCTS_DIR; };
		BEED569D2BAAAE9F009FA1A8 /* CircuiTecApp.swift */ = {isa = PBXFileReference; lastKnownFileType = sourcecode.swift; path = CircuiTecApp.swift; sourceTree = "<group>"; };
		BEED569F2BAAAE9F009FA1A8 /* ContentView.swift */ = {isa = PBXFileReference; lastKnownFileType = sourcecode.swift; path = ContentView.swift; sourceTree = "<group>"; };
		BEED56A12BAAAE9F009FA1A8 /* Item.swift */ = {isa = PBXFileReference; lastKnownFileType = sourcecode.swift; path = Item.swift; sourceTree = "<group>"; };
		BEED56A32BAAAEA0009FA1A8 /* Assets.xcassets */ = {isa = PBXFileReference; lastKnownFileType = folder.assetcatalog; path = Assets.xcassets; sourceTree = "<group>"; };
		BEED56A62BAAAEA0009FA1A8 /* Preview Assets.xcassets */ = {isa = PBXFileReference; lastKnownFileType = folder.assetcatalog; path = "Preview Assets.xcassets"; sourceTree = "<group>"; };
		BEED56AE2BAAAF9E009FA1A8 /* AllRoutesView.swift */ = {isa = PBXFileReference; lastKnownFileType = sourcecode.swift; path = AllRoutesView.swift; sourceTree = "<group>"; };
		BEED56B12BAAAFD2009FA1A8 /* Route.swift */ = {isa = PBXFileReference; lastKnownFileType = sourcecode.swift; path = Route.swift; sourceTree = "<group>"; };
		BEED56B52BAB3E4B009FA1A8 /* RouteMapView.swift */ = {isa = PBXFileReference; lastKnownFileType = sourcecode.swift; path = RouteMapView.swift; sourceTree = "<group>"; };
		BEED56B72BAB48E4009FA1A8 /* MainView.swift */ = {isa = PBXFileReference; lastKnownFileType = sourcecode.swift; path = MainView.swift; sourceTree = "<group>"; };
		BEED56B92BAB5C63009FA1A8 /* RouteProgressView.swift */ = {isa = PBXFileReference; lastKnownFileType = sourcecode.swift; path = RouteProgressView.swift; sourceTree = "<group>"; };
		BEED56BF2BAB5E7F009FA1A8 /* LiveRouteExtension.appex */ = {isa = PBXFileReference; explicitFileType = "wrapper.app-extension"; includeInIndex = 0; path = LiveRouteExtension.appex; sourceTree = BUILT_PRODUCTS_DIR; };
		BEED56C12BAB5E7F009FA1A8 /* WidgetKit.framework */ = {isa = PBXFileReference; lastKnownFileType = wrapper.framework; name = WidgetKit.framework; path = System/Library/Frameworks/WidgetKit.framework; sourceTree = SDKROOT; };
		BEED56C32BAB5E7F009FA1A8 /* SwiftUI.framework */ = {isa = PBXFileReference; lastKnownFileType = wrapper.framework; name = SwiftUI.framework; path = System/Library/Frameworks/SwiftUI.framework; sourceTree = SDKROOT; };
		BEED56C62BAB5E7F009FA1A8 /* LiveRouteBundle.swift */ = {isa = PBXFileReference; lastKnownFileType = sourcecode.swift; path = LiveRouteBundle.swift; sourceTree = "<group>"; };
		BEED56C82BAB5E7F009FA1A8 /* LiveRouteLiveActivity.swift */ = {isa = PBXFileReference; lastKnownFileType = sourcecode.swift; path = LiveRouteLiveActivity.swift; sourceTree = "<group>"; };
		BEED56CA2BAB5E7F009FA1A8 /* LiveRoute.swift */ = {isa = PBXFileReference; lastKnownFileType = sourcecode.swift; path = LiveRoute.swift; sourceTree = "<group>"; };
		BEED56CC2BAB5E7F009FA1A8 /* AppIntent.swift */ = {isa = PBXFileReference; lastKnownFileType = sourcecode.swift; path = AppIntent.swift; sourceTree = "<group>"; };
		BEED56CE2BAB5E80009FA1A8 /* Assets.xcassets */ = {isa = PBXFileReference; lastKnownFileType = folder.assetcatalog; path = Assets.xcassets; sourceTree = "<group>"; };
		BEED56D02BAB5E80009FA1A8 /* Info.plist */ = {isa = PBXFileReference; lastKnownFileType = text.plist.xml; path = Info.plist; sourceTree = "<group>"; };
		FB9131C52BAC9420009719FD /* FirstView.swift */ = {isa = PBXFileReference; lastKnownFileType = sourcecode.swift; path = FirstView.swift; sourceTree = "<group>"; };
		FB9131C72BACEE81009719FD /* FavoriteView.swift */ = {isa = PBXFileReference; lastKnownFileType = sourcecode.swift; path = FavoriteView.swift; sourceTree = "<group>"; };
/* End PBXFileReference section */

/* Begin PBXFrameworksBuildPhase section */
		BEED56972BAAAE9F009FA1A8 /* Frameworks */ = {
			isa = PBXFrameworksBuildPhase;
			buildActionMask = 2147483647;
			files = (
			);
			runOnlyForDeploymentPostprocessing = 0;
		};
		BEED56BC2BAB5E7F009FA1A8 /* Frameworks */ = {
			isa = PBXFrameworksBuildPhase;
			buildActionMask = 2147483647;
			files = (
				BEED56C42BAB5E7F009FA1A8 /* SwiftUI.framework in Frameworks */,
				BEED56C22BAB5E7F009FA1A8 /* WidgetKit.framework in Frameworks */,
			);
			runOnlyForDeploymentPostprocessing = 0;
		};
/* End PBXFrameworksBuildPhase section */

/* Begin PBXGroup section */
		BEED56912BAAAE9F009FA1A8 = {
			isa = PBXGroup;
			children = (
				BEED569C2BAAAE9F009FA1A8 /* CircuiTec */,
				BEED56C52BAB5E7F009FA1A8 /* LiveRoute */,
				BEED56C02BAB5E7F009FA1A8 /* Frameworks */,
				BEED569B2BAAAE9F009FA1A8 /* Products */,
			);
			sourceTree = "<group>";
		};
		BEED569B2BAAAE9F009FA1A8 /* Products */ = {
			isa = PBXGroup;
			children = (
				BEED569A2BAAAE9F009FA1A8 /* CircuiTec.app */,
				BEED56BF2BAB5E7F009FA1A8 /* LiveRouteExtension.appex */,
			);
			name = Products;
			sourceTree = "<group>";
		};
		BEED569C2BAAAE9F009FA1A8 /* CircuiTec */ = {
			isa = PBXGroup;
			children = (
				BEED56B02BAAAFC8009FA1A8 /* Model */,
				BEED56AD2BAAAF19009FA1A8 /* Views */,
				BEED569D2BAAAE9F009FA1A8 /* CircuiTecApp.swift */,
				FB9131C52BAC9420009719FD /* FirstView.swift */,
				FB9131C72BACEE81009719FD /* FavoriteView.swift */,
				BEED569F2BAAAE9F009FA1A8 /* ContentView.swift */,
				BEED56A12BAAAE9F009FA1A8 /* Item.swift */,
				BEED56A32BAAAEA0009FA1A8 /* Assets.xcassets */,
				BEED56A52BAAAEA0009FA1A8 /* Preview Content */,
			);
			path = CircuiTec;
			sourceTree = "<group>";
		};
		BEED56A52BAAAEA0009FA1A8 /* Preview Content */ = {
			isa = PBXGroup;
			children = (
				BEED56A62BAAAEA0009FA1A8 /* Preview Assets.xcassets */,
			);
			path = "Preview Content";
			sourceTree = "<group>";
		};
		BEED56AD2BAAAF19009FA1A8 /* Views */ = {
			isa = PBXGroup;
			children = (
				BEE288CD2BAC8C76002714F1 /* ActiveRouteMapView.swift */,
				BEED56AE2BAAAF9E009FA1A8 /* AllRoutesView.swift */,
				BEED56B52BAB3E4B009FA1A8 /* RouteMapView.swift */,
				BEED56B72BAB48E4009FA1A8 /* MainView.swift */,
				BEED56B92BAB5C63009FA1A8 /* RouteProgressView.swift */,
			);
			path = Views;
			sourceTree = "<group>";
		};
		BEED56B02BAAAFC8009FA1A8 /* Model */ = {
			isa = PBXGroup;
			children = (
				BEED56B12BAAAFD2009FA1A8 /* Route.swift */,
				BE2D78D22BAC8E480096BAF7 /* ActiveRoute.swift */,
				BE2D78D52BACA4940096BAF7 /* RouteStop.swift */,
				BE2D78D72BACA52F0096BAF7 /* Coordinate.swift */,
			);
			path = Model;
			sourceTree = "<group>";
		};
		BEED56C02BAB5E7F009FA1A8 /* Frameworks */ = {
			isa = PBXGroup;
			children = (
				BEED56C12BAB5E7F009FA1A8 /* WidgetKit.framework */,
				BEED56C32BAB5E7F009FA1A8 /* SwiftUI.framework */,
			);
			name = Frameworks;
			sourceTree = "<group>";
		};
		BEED56C52BAB5E7F009FA1A8 /* LiveRoute */ = {
			isa = PBXGroup;
			children = (
				BEED56C62BAB5E7F009FA1A8 /* LiveRouteBundle.swift */,
				BEED56C82BAB5E7F009FA1A8 /* LiveRouteLiveActivity.swift */,
				BEED56CA2BAB5E7F009FA1A8 /* LiveRoute.swift */,
				BEED56CC2BAB5E7F009FA1A8 /* AppIntent.swift */,
				BEED56CE2BAB5E80009FA1A8 /* Assets.xcassets */,
				BEED56D02BAB5E80009FA1A8 /* Info.plist */,
			);
			path = LiveRoute;
			sourceTree = "<group>";
		};
/* End PBXGroup section */

/* Begin PBXNativeTarget section */
		BEED56992BAAAE9F009FA1A8 /* CircuiTec */ = {
			isa = PBXNativeTarget;
			buildConfigurationList = BEED56AA2BAAAEA0009FA1A8 /* Build configuration list for PBXNativeTarget "CircuiTec" */;
			buildPhases = (
				BEED56962BAAAE9F009FA1A8 /* Sources */,
				BEED56972BAAAE9F009FA1A8 /* Frameworks */,
				BEED56982BAAAE9F009FA1A8 /* Resources */,
				BEED56D72BAB5E80009FA1A8 /* Embed Foundation Extensions */,
			);
			buildRules = (
			);
			dependencies = (
				BEED56D22BAB5E80009FA1A8 /* PBXTargetDependency */,
			);
			name = CircuiTec;
			productName = CircuiTec;
			productReference = BEED569A2BAAAE9F009FA1A8 /* CircuiTec.app */;
			productType = "com.apple.product-type.application";
		};
		BEED56BE2BAB5E7F009FA1A8 /* LiveRouteExtension */ = {
			isa = PBXNativeTarget;
			buildConfigurationList = BEED56D42BAB5E80009FA1A8 /* Build configuration list for PBXNativeTarget "LiveRouteExtension" */;
			buildPhases = (
				BEED56BB2BAB5E7F009FA1A8 /* Sources */,
				BEED56BC2BAB5E7F009FA1A8 /* Frameworks */,
				BEED56BD2BAB5E7F009FA1A8 /* Resources */,
			);
			buildRules = (
			);
			dependencies = (
			);
			name = LiveRouteExtension;
			productName = LiveRouteExtension;
			productReference = BEED56BF2BAB5E7F009FA1A8 /* LiveRouteExtension.appex */;
			productType = "com.apple.product-type.app-extension";
		};
/* End PBXNativeTarget section */

/* Begin PBXProject section */
		BEED56922BAAAE9F009FA1A8 /* Project object */ = {
			isa = PBXProject;
			attributes = {
				BuildIndependentTargetsInParallel = 1;
				LastSwiftUpdateCheck = 1530;
				LastUpgradeCheck = 1530;
				TargetAttributes = {
					BEED56992BAAAE9F009FA1A8 = {
						CreatedOnToolsVersion = 15.3;
					};
					BEED56BE2BAB5E7F009FA1A8 = {
						CreatedOnToolsVersion = 15.3;
					};
				};
			};
			buildConfigurationList = BEED56952BAAAE9F009FA1A8 /* Build configuration list for PBXProject "CircuiTec" */;
			compatibilityVersion = "Xcode 14.0";
			developmentRegion = en;
			hasScannedForEncodings = 0;
			knownRegions = (
				en,
				Base,
			);
			mainGroup = BEED56912BAAAE9F009FA1A8;
			productRefGroup = BEED569B2BAAAE9F009FA1A8 /* Products */;
			projectDirPath = "";
			projectRoot = "";
			targets = (
				BEED56992BAAAE9F009FA1A8 /* CircuiTec */,
				BEED56BE2BAB5E7F009FA1A8 /* LiveRouteExtension */,
			);
		};
/* End PBXProject section */

/* Begin PBXResourcesBuildPhase section */
		BEED56982BAAAE9F009FA1A8 /* Resources */ = {
			isa = PBXResourcesBuildPhase;
			buildActionMask = 2147483647;
			files = (
				BEED56A72BAAAEA0009FA1A8 /* Preview Assets.xcassets in Resources */,
				BE2D78D42BAC91390096BAF7 /* Assets.xcassets in Resources */,
				BEED56A42BAAAEA0009FA1A8 /* Assets.xcassets in Resources */,
			);
			runOnlyForDeploymentPostprocessing = 0;
		};
		BEED56BD2BAB5E7F009FA1A8 /* Resources */ = {
			isa = PBXResourcesBuildPhase;
			buildActionMask = 2147483647;
			files = (
				BEED56CF2BAB5E80009FA1A8 /* Assets.xcassets in Resources */,
			);
			runOnlyForDeploymentPostprocessing = 0;
		};
/* End PBXResourcesBuildPhase section */

/* Begin PBXSourcesBuildPhase section */
		BEED56962BAAAE9F009FA1A8 /* Sources */ = {
			isa = PBXSourcesBuildPhase;
			buildActionMask = 2147483647;
			files = (
				BEED56AF2BAAAF9E009FA1A8 /* AllRoutesView.swift in Sources */,
				BEED56BA2BAB5C63009FA1A8 /* RouteProgressView.swift in Sources */,
				FB9131C82BACEE81009719FD /* FavoriteView.swift in Sources */,
				BEED56B82BAB48E4009FA1A8 /* MainView.swift in Sources */,
				BEED56A02BAAAE9F009FA1A8 /* ContentView.swift in Sources */,
				BEED56B62BAB3E4B009FA1A8 /* RouteMapView.swift in Sources */,
				BEED56A22BAAAE9F009FA1A8 /* Item.swift in Sources */,
				BEED56B22BAAAFD2009FA1A8 /* Route.swift in Sources */,
				BEE288CE2BAC8C76002714F1 /* ActiveRouteMapView.swift in Sources */,
				BEED569E2BAAAE9F009FA1A8 /* CircuiTecApp.swift in Sources */,
				FB9131C62BAC9420009719FD /* FirstView.swift in Sources */,
				BE2D78D32BAC8E480096BAF7 /* ActiveRoute.swift in Sources */,
				BE2D78D62BACA4940096BAF7 /* RouteStop.swift in Sources */,
				BE2D78D82BACA52F0096BAF7 /* Coordinate.swift in Sources */,
			);
			runOnlyForDeploymentPostprocessing = 0;
		};
		BEED56BB2BAB5E7F009FA1A8 /* Sources */ = {
			isa = PBXSourcesBuildPhase;
			buildActionMask = 2147483647;
			files = (
				BE7505262BACA7B70051C567 /* RouteStop.swift in Sources */,
				BEED56CB2BAB5E7F009FA1A8 /* LiveRoute.swift in Sources */,
				BEED56CD2BAB5E7F009FA1A8 /* AppIntent.swift in Sources */,
				BE7505272BACA7B90051C567 /* Coordinate.swift in Sources */,
				BEED56C92BAB5E7F009FA1A8 /* LiveRouteLiveActivity.swift in Sources */,
				BE7505252BACA7B40051C567 /* Route.swift in Sources */,
				BEED56D92BAB60A8009FA1A8 /* RouteProgressView.swift in Sources */,
				BEED56C72BAB5E7F009FA1A8 /* LiveRouteBundle.swift in Sources */,
			);
			runOnlyForDeploymentPostprocessing = 0;
		};
/* End PBXSourcesBuildPhase section */

/* Begin PBXTargetDependency section */
		BEED56D22BAB5E80009FA1A8 /* PBXTargetDependency */ = {
			isa = PBXTargetDependency;
			target = BEED56BE2BAB5E7F009FA1A8 /* LiveRouteExtension */;
			targetProxy = BEED56D12BAB5E80009FA1A8 /* PBXContainerItemProxy */;
		};
/* End PBXTargetDependency section */

/* Begin XCBuildConfiguration section */
		BEED56A82BAAAEA0009FA1A8 /* Debug */ = {
			isa = XCBuildConfiguration;
			buildSettings = {
				ALWAYS_SEARCH_USER_PATHS = NO;
				ASSETCATALOG_COMPILER_GENERATE_SWIFT_ASSET_SYMBOL_EXTENSIONS = YES;
				CLANG_ANALYZER_NONNULL = YES;
				CLANG_ANALYZER_NUMBER_OBJECT_CONVERSION = YES_AGGRESSIVE;
				CLANG_CXX_LANGUAGE_STANDARD = "gnu++20";
				CLANG_ENABLE_MODULES = YES;
				CLANG_ENABLE_OBJC_ARC = YES;
				CLANG_ENABLE_OBJC_WEAK = YES;
				CLANG_WARN_BLOCK_CAPTURE_AUTORELEASING = YES;
				CLANG_WARN_BOOL_CONVERSION = YES;
				CLANG_WARN_COMMA = YES;
				CLANG_WARN_CONSTANT_CONVERSION = YES;
				CLANG_WARN_DEPRECATED_OBJC_IMPLEMENTATIONS = YES;
				CLANG_WARN_DIRECT_OBJC_ISA_USAGE = YES_ERROR;
				CLANG_WARN_DOCUMENTATION_COMMENTS = YES;
				CLANG_WARN_EMPTY_BODY = YES;
				CLANG_WARN_ENUM_CONVERSION = YES;
				CLANG_WARN_INFINITE_RECURSION = YES;
				CLANG_WARN_INT_CONVERSION = YES;
				CLANG_WARN_NON_LITERAL_NULL_CONVERSION = YES;
				CLANG_WARN_OBJC_IMPLICIT_RETAIN_SELF = YES;
				CLANG_WARN_OBJC_LITERAL_CONVERSION = YES;
				CLANG_WARN_OBJC_ROOT_CLASS = YES_ERROR;
				CLANG_WARN_QUOTED_INCLUDE_IN_FRAMEWORK_HEADER = YES;
				CLANG_WARN_RANGE_LOOP_ANALYSIS = YES;
				CLANG_WARN_STRICT_PROTOTYPES = YES;
				CLANG_WARN_SUSPICIOUS_MOVE = YES;
				CLANG_WARN_UNGUARDED_AVAILABILITY = YES_AGGRESSIVE;
				CLANG_WARN_UNREACHABLE_CODE = YES;
				CLANG_WARN__DUPLICATE_METHOD_MATCH = YES;
				COPY_PHASE_STRIP = NO;
				DEBUG_INFORMATION_FORMAT = dwarf;
				ENABLE_STRICT_OBJC_MSGSEND = YES;
				ENABLE_TESTABILITY = YES;
				ENABLE_USER_SCRIPT_SANDBOXING = YES;
				GCC_C_LANGUAGE_STANDARD = gnu17;
				GCC_DYNAMIC_NO_PIC = NO;
				GCC_NO_COMMON_BLOCKS = YES;
				GCC_OPTIMIZATION_LEVEL = 0;
				GCC_PREPROCESSOR_DEFINITIONS = (
					"DEBUG=1",
					"$(inherited)",
				);
				GCC_WARN_64_TO_32_BIT_CONVERSION = YES;
				GCC_WARN_ABOUT_RETURN_TYPE = YES_ERROR;
				GCC_WARN_UNDECLARED_SELECTOR = YES;
				GCC_WARN_UNINITIALIZED_AUTOS = YES_AGGRESSIVE;
				GCC_WARN_UNUSED_FUNCTION = YES;
				GCC_WARN_UNUSED_VARIABLE = YES;
				IPHONEOS_DEPLOYMENT_TARGET = 17.4;
				LOCALIZATION_PREFERS_STRING_CATALOGS = YES;
				MTL_ENABLE_DEBUG_INFO = INCLUDE_SOURCE;
				MTL_FAST_MATH = YES;
				ONLY_ACTIVE_ARCH = YES;
				SDKROOT = iphoneos;
				SWIFT_ACTIVE_COMPILATION_CONDITIONS = "DEBUG $(inherited)";
				SWIFT_OPTIMIZATION_LEVEL = "-Onone";
			};
			name = Debug;
		};
		BEED56A92BAAAEA0009FA1A8 /* Release */ = {
			isa = XCBuildConfiguration;
			buildSettings = {
				ALWAYS_SEARCH_USER_PATHS = NO;
				ASSETCATALOG_COMPILER_GENERATE_SWIFT_ASSET_SYMBOL_EXTENSIONS = YES;
				CLANG_ANALYZER_NONNULL = YES;
				CLANG_ANALYZER_NUMBER_OBJECT_CONVERSION = YES_AGGRESSIVE;
				CLANG_CXX_LANGUAGE_STANDARD = "gnu++20";
				CLANG_ENABLE_MODULES = YES;
				CLANG_ENABLE_OBJC_ARC = YES;
				CLANG_ENABLE_OBJC_WEAK = YES;
				CLANG_WARN_BLOCK_CAPTURE_AUTORELEASING = YES;
				CLANG_WARN_BOOL_CONVERSION = YES;
				CLANG_WARN_COMMA = YES;
				CLANG_WARN_CONSTANT_CONVERSION = YES;
				CLANG_WARN_DEPRECATED_OBJC_IMPLEMENTATIONS = YES;
				CLANG_WARN_DIRECT_OBJC_ISA_USAGE = YES_ERROR;
				CLANG_WARN_DOCUMENTATION_COMMENTS = YES;
				CLANG_WARN_EMPTY_BODY = YES;
				CLANG_WARN_ENUM_CONVERSION = YES;
				CLANG_WARN_INFINITE_RECURSION = YES;
				CLANG_WARN_INT_CONVERSION = YES;
				CLANG_WARN_NON_LITERAL_NULL_CONVERSION = YES;
				CLANG_WARN_OBJC_IMPLICIT_RETAIN_SELF = YES;
				CLANG_WARN_OBJC_LITERAL_CONVERSION = YES;
				CLANG_WARN_OBJC_ROOT_CLASS = YES_ERROR;
				CLANG_WARN_QUOTED_INCLUDE_IN_FRAMEWORK_HEADER = YES;
				CLANG_WARN_RANGE_LOOP_ANALYSIS = YES;
				CLANG_WARN_STRICT_PROTOTYPES = YES;
				CLANG_WARN_SUSPICIOUS_MOVE = YES;
				CLANG_WARN_UNGUARDED_AVAILABILITY = YES_AGGRESSIVE;
				CLANG_WARN_UNREACHABLE_CODE = YES;
				CLANG_WARN__DUPLICATE_METHOD_MATCH = YES;
				COPY_PHASE_STRIP = NO;
				DEBUG_INFORMATION_FORMAT = "dwarf-with-dsym";
				ENABLE_NS_ASSERTIONS = NO;
				ENABLE_STRICT_OBJC_MSGSEND = YES;
				ENABLE_USER_SCRIPT_SANDBOXING = YES;
				GCC_C_LANGUAGE_STANDARD = gnu17;
				GCC_NO_COMMON_BLOCKS = YES;
				GCC_WARN_64_TO_32_BIT_CONVERSION = YES;
				GCC_WARN_ABOUT_RETURN_TYPE = YES_ERROR;
				GCC_WARN_UNDECLARED_SELECTOR = YES;
				GCC_WARN_UNINITIALIZED_AUTOS = YES_AGGRESSIVE;
				GCC_WARN_UNUSED_FUNCTION = YES;
				GCC_WARN_UNUSED_VARIABLE = YES;
				IPHONEOS_DEPLOYMENT_TARGET = 17.4;
				LOCALIZATION_PREFERS_STRING_CATALOGS = YES;
				MTL_ENABLE_DEBUG_INFO = NO;
				MTL_FAST_MATH = YES;
				SDKROOT = iphoneos;
				SWIFT_COMPILATION_MODE = wholemodule;
				VALIDATE_PRODUCT = YES;
			};
			name = Release;
		};
		BEED56AB2BAAAEA0009FA1A8 /* Debug */ = {
			isa = XCBuildConfiguration;
			buildSettings = {
				ALWAYS_EMBED_SWIFT_STANDARD_LIBRARIES = YES;
				ASSETCATALOG_COMPILER_APPICON_NAME = AppIcon;
				ASSETCATALOG_COMPILER_GLOBAL_ACCENT_COLOR_NAME = AccentColor;
				CODE_SIGN_STYLE = Automatic;
				CURRENT_PROJECT_VERSION = 1;
				DEVELOPMENT_ASSET_PATHS = "\"CircuiTec/Preview Content\"";
				DEVELOPMENT_TEAM = 2JWSBNAJCH;
				ENABLE_PREVIEWS = YES;
				GENERATE_INFOPLIST_FILE = YES;
				INFOPLIST_KEY_NSSupportsLiveActivities = YES;
				INFOPLIST_KEY_UIApplicationSceneManifest_Generation = YES;
				INFOPLIST_KEY_UIApplicationSupportsIndirectInputEvents = YES;
				INFOPLIST_KEY_UILaunchScreen_Generation = YES;
				INFOPLIST_KEY_UISupportedInterfaceOrientations_iPad = "UIInterfaceOrientationPortrait UIInterfaceOrientationPortraitUpsideDown UIInterfaceOrientationLandscapeLeft UIInterfaceOrientationLandscapeRight";
				INFOPLIST_KEY_UISupportedInterfaceOrientations_iPhone = "UIInterfaceOrientationPortrait UIInterfaceOrientationLandscapeLeft UIInterfaceOrientationLandscapeRight";
				IPHONEOS_DEPLOYMENT_TARGET = 17.0;
				LD_RUNPATH_SEARCH_PATHS = (
					"$(inherited)",
					"@executable_path/Frameworks",
				);
				MARKETING_VERSION = 1.0;
				PRODUCT_BUNDLE_IDENTIFIER = com.tec.CircuiTec;
				PRODUCT_NAME = "$(TARGET_NAME)";
				SWIFT_EMIT_LOC_STRINGS = YES;
				SWIFT_VERSION = 5.0;
				TARGETED_DEVICE_FAMILY = "1,2";
			};
			name = Debug;
		};
		BEED56AC2BAAAEA0009FA1A8 /* Release */ = {
			isa = XCBuildConfiguration;
			buildSettings = {
				ALWAYS_EMBED_SWIFT_STANDARD_LIBRARIES = YES;
				ASSETCATALOG_COMPILER_APPICON_NAME = AppIcon;
				ASSETCATALOG_COMPILER_GLOBAL_ACCENT_COLOR_NAME = AccentColor;
				CODE_SIGN_STYLE = Automatic;
				CURRENT_PROJECT_VERSION = 1;
				DEVELOPMENT_ASSET_PATHS = "\"CircuiTec/Preview Content\"";
				DEVELOPMENT_TEAM = 2JWSBNAJCH;
				ENABLE_PREVIEWS = YES;
				GENERATE_INFOPLIST_FILE = YES;
				INFOPLIST_KEY_NSSupportsLiveActivities = YES;
				INFOPLIST_KEY_UIApplicationSceneManifest_Generation = YES;
				INFOPLIST_KEY_UIApplicationSupportsIndirectInputEvents = YES;
				INFOPLIST_KEY_UILaunchScreen_Generation = YES;
				INFOPLIST_KEY_UISupportedInterfaceOrientations_iPad = "UIInterfaceOrientationPortrait UIInterfaceOrientationPortraitUpsideDown UIInterfaceOrientationLandscapeLeft UIInterfaceOrientationLandscapeRight";
				INFOPLIST_KEY_UISupportedInterfaceOrientations_iPhone = "UIInterfaceOrientationPortrait UIInterfaceOrientationLandscapeLeft UIInterfaceOrientationLandscapeRight";
				IPHONEOS_DEPLOYMENT_TARGET = 17.0;
				LD_RUNPATH_SEARCH_PATHS = (
					"$(inherited)",
					"@executable_path/Frameworks",
				);
				MARKETING_VERSION = 1.0;
				PRODUCT_BUNDLE_IDENTIFIER = com.tec.CircuiTec;
				PRODUCT_NAME = "$(TARGET_NAME)";
				SWIFT_EMIT_LOC_STRINGS = YES;
				SWIFT_VERSION = 5.0;
				TARGETED_DEVICE_FAMILY = "1,2";
			};
			name = Release;
		};
		BEED56D52BAB5E80009FA1A8 /* Debug */ = {
			isa = XCBuildConfiguration;
			buildSettings = {
				ASSETCATALOG_COMPILER_GLOBAL_ACCENT_COLOR_NAME = AccentColor;
				ASSETCATALOG_COMPILER_WIDGET_BACKGROUND_COLOR_NAME = WidgetBackground;
				CODE_SIGN_STYLE = Automatic;
				CURRENT_PROJECT_VERSION = 1;
				DEVELOPMENT_TEAM = 2JWSBNAJCH;
				GENERATE_INFOPLIST_FILE = YES;
				INFOPLIST_FILE = LiveRoute/Info.plist;
				INFOPLIST_KEY_CFBundleDisplayName = LiveRoute;
				INFOPLIST_KEY_NSHumanReadableCopyright = "";
				LD_RUNPATH_SEARCH_PATHS = (
					"$(inherited)",
					"@executable_path/Frameworks",
					"@executable_path/../../Frameworks",
				);
				MARKETING_VERSION = 1.0;
				PRODUCT_BUNDLE_IDENTIFIER = com.tec.CircuiTec.LiveRoute;
				PRODUCT_NAME = "$(TARGET_NAME)";
				SKIP_INSTALL = YES;
				SWIFT_EMIT_LOC_STRINGS = YES;
				SWIFT_VERSION = 5.0;
				TARGETED_DEVICE_FAMILY = "1,2";
			};
			name = Debug;
		};
		BEED56D62BAB5E80009FA1A8 /* Release */ = {
			isa = XCBuildConfiguration;
			buildSettings = {
				ASSETCATALOG_COMPILER_GLOBAL_ACCENT_COLOR_NAME = AccentColor;
				ASSETCATALOG_COMPILER_WIDGET_BACKGROUND_COLOR_NAME = WidgetBackground;
				CODE_SIGN_STYLE = Automatic;
				CURRENT_PROJECT_VERSION = 1;
				DEVELOPMENT_TEAM = 2JWSBNAJCH;
				GENERATE_INFOPLIST_FILE = YES;
				INFOPLIST_FILE = LiveRoute/Info.plist;
				INFOPLIST_KEY_CFBundleDisplayName = LiveRoute;
				INFOPLIST_KEY_NSHumanReadableCopyright = "";
				LD_RUNPATH_SEARCH_PATHS = (
					"$(inherited)",
					"@executable_path/Frameworks",
					"@executable_path/../../Frameworks",
				);
				MARKETING_VERSION = 1.0;
				PRODUCT_BUNDLE_IDENTIFIER = com.tec.CircuiTec.LiveRoute;
				PRODUCT_NAME = "$(TARGET_NAME)";
				SKIP_INSTALL = YES;
				SWIFT_EMIT_LOC_STRINGS = YES;
				SWIFT_VERSION = 5.0;
				TARGETED_DEVICE_FAMILY = "1,2";
			};
			name = Release;
		};
/* End XCBuildConfiguration section */

/* Begin XCConfigurationList section */
		BEED56952BAAAE9F009FA1A8 /* Build configuration list for PBXProject "CircuiTec" */ = {
			isa = XCConfigurationList;
			buildConfigurations = (
				BEED56A82BAAAEA0009FA1A8 /* Debug */,
				BEED56A92BAAAEA0009FA1A8 /* Release */,
			);
			defaultConfigurationIsVisible = 0;
			defaultConfigurationName = Release;
		};
		BEED56AA2BAAAEA0009FA1A8 /* Build configuration list for PBXNativeTarget "CircuiTec" */ = {
			isa = XCConfigurationList;
			buildConfigurations = (
				BEED56AB2BAAAEA0009FA1A8 /* Debug */,
				BEED56AC2BAAAEA0009FA1A8 /* Release */,
			);
			defaultConfigurationIsVisible = 0;
			defaultConfigurationName = Release;
		};
		BEED56D42BAB5E80009FA1A8 /* Build configuration list for PBXNativeTarget "LiveRouteExtension" */ = {
			isa = XCConfigurationList;
			buildConfigurations = (
				BEED56D52BAB5E80009FA1A8 /* Debug */,
				BEED56D62BAB5E80009FA1A8 /* Release */,
			);
			defaultConfigurationIsVisible = 0;
			defaultConfigurationName = Release;
		};
/* End XCConfigurationList section */
	};
	rootObject = BEED56922BAAAE9F009FA1A8 /* Project object */;
}
